
Microsoft Visual Studio Solution File, Format Version 12.00
# Visual Studio Version 17
VisualStudioVersion = 17.9.34622.214
MinimumVisualStudioVersion = 10.0.40219.1
Project("{2150E333-8FDC-42A3-9474-1A3956D46DE8}") = "src", "src", "{05BDB679-AC5A-4930-99BF-DE0AE5B03278}"
EndProject
Project("{2150E333-8FDC-42A3-9474-1A3956D46DE8}") = "Domain", "Domain", "{6E2FDF2F-9C52-40FC-94FB-92C43DF4418A}"
EndProject
Project("{9A19103F-16F7-4668-BE54-9A1E7A4F7556}") = "IKAPP.Domain", "src\Domain\IKAPP.Domain\IKAPP.Domain.csproj", "{9556E6FE-4D2B-4FCB-B7BB-6CA03CAC61C1}"
EndProject
Project("{9A19103F-16F7-4668-BE54-9A1E7A4F7556}") = "IKAPP.Domain.Entities", "src\Domain\IKAPP.Domain.Entities\IKAPP.Domain.Entities.csproj", "{62CD9796-8A1D-41BF-899B-8FA8E69B1A60}"
EndProject
Project("{2150E333-8FDC-42A3-9474-1A3956D46DE8}") = "Infrastructure", "Infrastructure", "{A92736CE-4146-454A-BD4B-ADA574F8E4AB}"
EndProject
Project("{9A19103F-16F7-4668-BE54-9A1E7A4F7556}") = "IKAPP.Persistance", "src\Infrastructure\IKAPP.Persistance\IKAPP.Persistance.csproj", "{EB2890E2-AF4B-4B1B-8A45-1CF23CFBA915}"
EndProject
Project("{2150E333-8FDC-42A3-9474-1A3956D46DE8}") = "Presentation", "Presentation", "{85BC51F2-A3EF-4880-9344-177833C28CA5}"
EndProject
Project("{9A19103F-16F7-4668-BE54-9A1E7A4F7556}") = "IKAPP.Presentation", "src\Presentation\IKAPP.Presentation\IKAPP.Presentation.csproj", "{DFF5A6A2-09C4-40A2-9ACE-16B606380C69}"
EndProject
Project("{2150E333-8FDC-42A3-9474-1A3956D46DE8}") = "Application", "Application", "{31BB4FD6-1D3C-4F2A-A6E0-C935D21D4200}"
EndProject
Project("{FAE04EC0-301F-11D3-BF4B-00C04F79EFBC}") = "IKAPP.Application", "src\Application\IKAPP.Application\IKAPP.Application.csproj", "{261989AA-952A-406C-AFB4-F0159834CBBF}"
EndProject
Project("{FAE04EC0-301F-11D3-BF4B-00C04F79EFBC}") = "IKAPP.Persistance.Concrete", "src\Infrastructure\IKAPP.Persistance.Concrete\IKAPP.Persistance.Concrete.csproj", "{4D712C03-D6BC-4AD3-B755-3F58A31B73A0}"
EndProject
Project("{FAE04EC0-301F-11D3-BF4B-00C04F79EFBC}") = "IKAPP.Persistance.Configuration", "src\Infrastructure\IKAPP.Persistance.Configuration\IKAPP.Persistance.Configuration.csproj", "{73CB66C1-CE13-4850-BFF2-74D50067479A}"
EndProject
Project("{FAE04EC0-301F-11D3-BF4B-00C04F79EFBC}") = "IKAPP.Application.Validation", "src\Application\IKAPP.Application.Validation\IKAPP.Application.Validation.csproj", "{24C2478C-57F3-408E-8247-F58916C9FD81}"
EndProject
Project("{FAE04EC0-301F-11D3-BF4B-00C04F79EFBC}") = "IKAPP.Application.Mapping", "src\Application\IKAPP.Application.Mapping\IKAPP.Application.Mapping.csproj", "{934108CA-3461-40E3-95F9-3F5E34F67ECF}"
EndProject
Global
	GlobalSection(SolutionConfigurationPlatforms) = preSolution
		Debug|Any CPU = Debug|Any CPU
		Release|Any CPU = Release|Any CPU
	EndGlobalSection
	GlobalSection(ProjectConfigurationPlatforms) = postSolution
		{9556E6FE-4D2B-4FCB-B7BB-6CA03CAC61C1}.Debug|Any CPU.ActiveCfg = Debug|Any CPU
		{9556E6FE-4D2B-4FCB-B7BB-6CA03CAC61C1}.Debug|Any CPU.Build.0 = Debug|Any CPU
		{9556E6FE-4D2B-4FCB-B7BB-6CA03CAC61C1}.Release|Any CPU.ActiveCfg = Release|Any CPU
		{9556E6FE-4D2B-4FCB-B7BB-6CA03CAC61C1}.Release|Any CPU.Build.0 = Release|Any CPU
		{62CD9796-8A1D-41BF-899B-8FA8E69B1A60}.Debug|Any CPU.ActiveCfg = Debug|Any CPU
		{62CD9796-8A1D-41BF-899B-8FA8E69B1A60}.Debug|Any CPU.Build.0 = Debug|Any CPU
		{62CD9796-8A1D-41BF-899B-8FA8E69B1A60}.Release|Any CPU.ActiveCfg = Release|Any CPU
		{62CD9796-8A1D-41BF-899B-8FA8E69B1A60}.Release|Any CPU.Build.0 = Release|Any CPU
		{EB2890E2-AF4B-4B1B-8A45-1CF23CFBA915}.Debug|Any CPU.ActiveCfg = Debug|Any CPU
		{EB2890E2-AF4B-4B1B-8A45-1CF23CFBA915}.Debug|Any CPU.Build.0 = Debug|Any CPU
		{EB2890E2-AF4B-4B1B-8A45-1CF23CFBA915}.Release|Any CPU.ActiveCfg = Release|Any CPU
		{EB2890E2-AF4B-4B1B-8A45-1CF23CFBA915}.Release|Any CPU.Build.0 = Release|Any CPU
		{DFF5A6A2-09C4-40A2-9ACE-16B606380C69}.Debug|Any CPU.ActiveCfg = Debug|Any CPU
		{DFF5A6A2-09C4-40A2-9ACE-16B606380C69}.Debug|Any CPU.Build.0 = Debug|Any CPU
		{DFF5A6A2-09C4-40A2-9ACE-16B606380C69}.Release|Any CPU.ActiveCfg = Release|Any CPU
		{DFF5A6A2-09C4-40A2-9ACE-16B606380C69}.Release|Any CPU.Build.0 = Release|Any CPU
		{261989AA-952A-406C-AFB4-F0159834CBBF}.Debug|Any CPU.ActiveCfg = Debug|Any CPU
		{261989AA-952A-406C-AFB4-F0159834CBBF}.Debug|Any CPU.Build.0 = Debug|Any CPU
		{261989AA-952A-406C-AFB4-F0159834CBBF}.Release|Any CPU.ActiveCfg = Release|Any CPU
		{261989AA-952A-406C-AFB4-F0159834CBBF}.Release|Any CPU.Build.0 = Release|Any CPU
		{4D712C03-D6BC-4AD3-B755-3F58A31B73A0}.Debug|Any CPU.ActiveCfg = Debug|Any CPU
		{4D712C03-D6BC-4AD3-B755-3F58A31B73A0}.Debug|Any CPU.Build.0 = Debug|Any CPU
		{4D712C03-D6BC-4AD3-B755-3F58A31B73A0}.Release|Any CPU.ActiveCfg = Release|Any CPU
		{4D712C03-D6BC-4AD3-B755-3F58A31B73A0}.Release|Any CPU.Build.0 = Release|Any CPU
		{73CB66C1-CE13-4850-BFF2-74D50067479A}.Debug|Any CPU.ActiveCfg = Debug|Any CPU
		{73CB66C1-CE13-4850-BFF2-74D50067479A}.Debug|Any CPU.Build.0 = Debug|Any CPU
		{73CB66C1-CE13-4850-BFF2-74D50067479A}.Release|Any CPU.ActiveCfg = Release|Any CPU
		{73CB66C1-CE13-4850-BFF2-74D50067479A}.Release|Any CPU.Build.0 = Release|Any CPU
		{24C2478C-57F3-408E-8247-F58916C9FD81}.Debug|Any CPU.ActiveCfg = Debug|Any CPU
		{24C2478C-57F3-408E-8247-F58916C9FD81}.Debug|Any CPU.Build.0 = Debug|Any CPU
		{24C2478C-57F3-408E-8247-F58916C9FD81}.Release|Any CPU.ActiveCfg = Release|Any CPU
		{24C2478C-57F3-408E-8247-F58916C9FD81}.Release|Any CPU.Build.0 = Release|Any CPU
		{934108CA-3461-40E3-95F9-3F5E34F67ECF}.Debug|Any CPU.ActiveCfg = Debug|Any CPU
		{934108CA-3461-40E3-95F9-3F5E34F67ECF}.Debug|Any CPU.Build.0 = Debug|Any CPU
		{934108CA-3461-40E3-95F9-3F5E34F67ECF}.Release|Any CPU.ActiveCfg = Release|Any CPU
		{934108CA-3461-40E3-95F9-3F5E34F67ECF}.Release|Any CPU.Build.0 = Release|Any CPU
	EndGlobalSection
	GlobalSection(SolutionProperties) = preSolution
		HideSolutionNode = FALSE
	EndGlobalSection
	GlobalSection(NestedProjects) = preSolution
		{6E2FDF2F-9C52-40FC-94FB-92C43DF4418A} = {05BDB679-AC5A-4930-99BF-DE0AE5B03278}
		{9556E6FE-4D2B-4FCB-B7BB-6CA03CAC61C1} = {6E2FDF2F-9C52-40FC-94FB-92C43DF4418A}
		{62CD9796-8A1D-41BF-899B-8FA8E69B1A60} = {6E2FDF2F-9C52-40FC-94FB-92C43DF4418A}
		{A92736CE-4146-454A-BD4B-ADA574F8E4AB} = {05BDB679-AC5A-4930-99BF-DE0AE5B03278}
		{EB2890E2-AF4B-4B1B-8A45-1CF23CFBA915} = {A92736CE-4146-454A-BD4B-ADA574F8E4AB}
		{85BC51F2-A3EF-4880-9344-177833C28CA5} = {05BDB679-AC5A-4930-99BF-DE0AE5B03278}
		{DFF5A6A2-09C4-40A2-9ACE-16B606380C69} = {85BC51F2-A3EF-4880-9344-177833C28CA5}
		{31BB4FD6-1D3C-4F2A-A6E0-C935D21D4200} = {05BDB679-AC5A-4930-99BF-DE0AE5B03278}
		{261989AA-952A-406C-AFB4-F0159834CBBF} = {31BB4FD6-1D3C-4F2A-A6E0-C935D21D4200}
		{4D712C03-D6BC-4AD3-B755-3F58A31B73A0} = {A92736CE-4146-454A-BD4B-ADA574F8E4AB}
		{73CB66C1-CE13-4850-BFF2-74D50067479A} = {A92736CE-4146-454A-BD4B-ADA574F8E4AB}
		{24C2478C-57F3-408E-8247-F58916C9FD81} = {31BB4FD6-1D3C-4F2A-A6E0-C935D21D4200}
		{934108CA-3461-40E3-95F9-3F5E34F67ECF} = {31BB4FD6-1D3C-4F2A-A6E0-C935D21D4200}
	EndGlobalSection
	GlobalSection(ExtensibilityGlobals) = postSolution
		SolutionGuid = {9E557A61-8166-4A68-BBFD-07AF541333B2}
	EndGlobalSection
EndGlobal
